
Microsoft Visual Studio Solution File, Format Version 12.00
# Visual Studio Version 17
VisualStudioVersion = 17.4.33110.190
MinimumVisualStudioVersion = 10.0.40219.1
Project("{9A19103F-16F7-4668-BE54-9A1E7A4F7556}") = "IntervalClass", "IntervalClass\IntervalClass.csproj", "{910CD7F3-1A29-4F99-8E5B-0F29214B9DD4}"
EndProject
Project("{FAE04EC0-301F-11D3-BF4B-00C04F79EFBC}") = "IntervalClass.Testing", "IntervalClass.Testing\IntervalClass.Testing.csproj", "{3CCFD9FA-E77C-41B7-95AC-D9290388D328}"
EndProject
Global
	GlobalSection(SolutionConfigurationPlatforms) = preSolution
		Debug|Any CPU = Debug|Any CPU
		Release|Any CPU = Release|Any CPU
	EndGlobalSection
	GlobalSection(ProjectConfigurationPlatforms) = postSolution
		{910CD7F3-1A29-4F99-8E5B-0F29214B9DD4}.Debug|Any CPU.ActiveCfg = Debug|Any CPU
		{910CD7F3-1A29-4F99-8E5B-0F29214B9DD4}.Debug|Any CPU.Build.0 = Debug|Any CPU
		{910CD7F3-1A29-4F99-8E5B-0F29214B9DD4}.Release|Any CPU.ActiveCfg = Release|Any CPU
		{910CD7F3-1A29-4F99-8E5B-0F29214B9DD4}.Release|Any CPU.Build.0 = Release|Any CPU
		{3CCFD9FA-E77C-41B7-95AC-D9290388D328}.Debug|Any CPU.ActiveCfg = Debug|Any CPU
		{3CCFD9FA-E77C-41B7-95AC-D9290388D328}.Debug|Any CPU.Build.0 = Debug|Any CPU
		{3CCFD9FA-E77C-41B7-95AC-D9290388D328}.Release|Any CPU.ActiveCfg = Release|Any CPU
		{3CCFD9FA-E77C-41B7-95AC-D9290388D328}.Release|Any CPU.Build.0 = Release|Any CPU
	EndGlobalSection
	GlobalSection(SolutionProperties) = preSolution
		HideSolutionNode = FALSE
	EndGlobalSection
	GlobalSection(ExtensibilityGlobals) = postSolution
		SolutionGuid = {3B9C30B0-C240-4E6E-B172-6C2FF28F4C80}
	EndGlobalSection
EndGlobal
